// !$*UTF8*$!
{
	archiveVersion = 1;
	classes = {
	};
	objectVersion = 50;
	objects = {

/* Begin PBXBuildFile section */
		15857690F7C52B51DD96E486 /* Pods_PracticeProjectTests.framework in Frameworks */ = {isa = PBXBuildFile; fileRef = 6ECE41704AA6D373BC5D2DF2 /* Pods_PracticeProjectTests.framework */; };
		58702F0365C5D2D2F900687C /* Pods_PracticeProject.framework in Frameworks */ = {isa = PBXBuildFile; fileRef = C2F4269C5C295F79AC0F0219 /* Pods_PracticeProject.framework */; };
		842A8AA721FF3D87004A081E /* NewViewController.swift in Sources */ = {isa = PBXBuildFile; fileRef = 842A8AA621FF3D87004A081E /* NewViewController.swift */; };
		842A8AA921FF3E9D004A081E /* New.storyboard in Resources */ = {isa = PBXBuildFile; fileRef = 842A8AA821FF3E9D004A081E /* New.storyboard */; };
		842A8AAC21FF3FE0004A081E /* AViewController.swift in Sources */ = {isa = PBXBuildFile; fileRef = 842A8AAA21FF3FE0004A081E /* AViewController.swift */; };
		842A8AAD21FF3FE0004A081E /* AViewController.xib in Resources */ = {isa = PBXBuildFile; fileRef = 842A8AAB21FF3FE0004A081E /* AViewController.xib */; };
		84CF11C521E0DDA800C757D8 /* AppDelegate.swift in Sources */ = {isa = PBXBuildFile; fileRef = 84CF11C421E0DDA800C757D8 /* AppDelegate.swift */; };
		84CF11C721E0DDA800C757D8 /* ViewController.swift in Sources */ = {isa = PBXBuildFile; fileRef = 84CF11C621E0DDA800C757D8 /* ViewController.swift */; };
		84CF11CA21E0DDA800C757D8 /* Main.storyboard in Resources */ = {isa = PBXBuildFile; fileRef = 84CF11C821E0DDA800C757D8 /* Main.storyboard */; };
		84CF11CC21E0DDAB00C757D8 /* Assets.xcassets in Resources */ = {isa = PBXBuildFile; fileRef = 84CF11CB21E0DDAB00C757D8 /* Assets.xcassets */; };
		84CF11CF21E0DDAB00C757D8 /* LaunchScreen.storyboard in Resources */ = {isa = PBXBuildFile; fileRef = 84CF11CD21E0DDAB00C757D8 /* LaunchScreen.storyboard */; };
		84CF11DA21E0DDAB00C757D8 /* PracticeProjectTests.swift in Sources */ = {isa = PBXBuildFile; fileRef = 84CF11D921E0DDAB00C757D8 /* PracticeProjectTests.swift */; };
		84CF11E521E0DDAB00C757D8 /* PracticeProjectUITests.swift in Sources */ = {isa = PBXBuildFile; fileRef = 84CF11E421E0DDAB00C757D8 /* PracticeProjectUITests.swift */; };
		84CF11F721E0E8CF00C757D8 /* R.generated.swift in Sources */ = {isa = PBXBuildFile; fileRef = 84CF11F621E0E8CF00C757D8 /* R.generated.swift */; };
		EF87D422A7CBB107CC69AECB /* Pods_PracticeProjectUITests.framework in Frameworks */ = {isa = PBXBuildFile; fileRef = 2602D2B1282BF1F6821470A7 /* Pods_PracticeProjectUITests.framework */; };
/* End PBXBuildFile section */

/* Begin PBXContainerItemProxy section */
		84CF11D621E0DDAB00C757D8 /* PBXContainerItemProxy */ = {
			isa = PBXContainerItemProxy;
			containerPortal = 84CF11B921E0DDA800C757D8 /* Project object */;
			proxyType = 1;
			remoteGlobalIDString = 84CF11C021E0DDA800C757D8;
			remoteInfo = PracticeProject;
		};
		84CF11E121E0DDAB00C757D8 /* PBXContainerItemProxy */ = {
			isa = PBXContainerItemProxy;
			containerPortal = 84CF11B921E0DDA800C757D8 /* Project object */;
			proxyType = 1;
			remoteGlobalIDString = 84CF11C021E0DDA800C757D8;
			remoteInfo = PracticeProject;
		};
/* End PBXContainerItemProxy section */

/* Begin PBXFileReference section */
		02816D153BF6DA5D5F6DC161 /* Pods-PracticeProjectUITests.debug.xcconfig */ = {isa = PBXFileReference; includeInIndex = 1; lastKnownFileType = text.xcconfig; name = "Pods-PracticeProjectUITests.debug.xcconfig"; path = "Pods/Target Support Files/Pods-PracticeProjectUITests/Pods-PracticeProjectUITests.debug.xcconfig"; sourceTree = "<group>"; };
		2602D2B1282BF1F6821470A7 /* Pods_PracticeProjectUITests.framework */ = {isa = PBXFileReference; explicitFileType = wrapper.framework; includeInIndex = 0; path = Pods_PracticeProjectUITests.framework; sourceTree = BUILT_PRODUCTS_DIR; };
		5522CCC51C8C9589275B6AD1 /* Pods-PracticeProjectTests.release.xcconfig */ = {isa = PBXFileReference; includeInIndex = 1; lastKnownFileType = text.xcconfig; name = "Pods-PracticeProjectTests.release.xcconfig"; path = "Pods/Target Support Files/Pods-PracticeProjectTests/Pods-PracticeProjectTests.release.xcconfig"; sourceTree = "<group>"; };
		6ECE41704AA6D373BC5D2DF2 /* Pods_PracticeProjectTests.framework */ = {isa = PBXFileReference; explicitFileType = wrapper.framework; includeInIndex = 0; path = Pods_PracticeProjectTests.framework; sourceTree = BUILT_PRODUCTS_DIR; };
		842A8AA621FF3D87004A081E /* NewViewController.swift */ = {isa = PBXFileReference; lastKnownFileType = sourcecode.swift; path = NewViewController.swift; sourceTree = "<group>"; };
		842A8AA821FF3E9D004A081E /* New.storyboard */ = {isa = PBXFileReference; lastKnownFileType = file.storyboard; path = New.storyboard; sourceTree = "<group>"; };
		842A8AAA21FF3FE0004A081E /* AViewController.swift */ = {isa = PBXFileReference; lastKnownFileType = sourcecode.swift; path = AViewController.swift; sourceTree = "<group>"; };
		842A8AAB21FF3FE0004A081E /* AViewController.xib */ = {isa = PBXFileReference; lastKnownFileType = file.xib; path = AViewController.xib; sourceTree = "<group>"; };
		84CF11C121E0DDA800C757D8 /* PracticeProject.app */ = {isa = PBXFileReference; explicitFileType = wrapper.application; includeInIndex = 0; path = PracticeProject.app; sourceTree = BUILT_PRODUCTS_DIR; };
		84CF11C421E0DDA800C757D8 /* AppDelegate.swift */ = {isa = PBXFileReference; lastKnownFileType = sourcecode.swift; path = AppDelegate.swift; sourceTree = "<group>"; };
		84CF11C621E0DDA800C757D8 /* ViewController.swift */ = {isa = PBXFileReference; lastKnownFileType = sourcecode.swift; path = ViewController.swift; sourceTree = "<group>"; };
		84CF11C921E0DDA800C757D8 /* Base */ = {isa = PBXFileReference; lastKnownFileType = file.storyboard; name = Base; path = Base.lproj/Main.storyboard; sourceTree = "<group>"; };
		84CF11CB21E0DDAB00C757D8 /* Assets.xcassets */ = {isa = PBXFileReference; lastKnownFileType = folder.assetcatalog; path = Assets.xcassets; sourceTree = "<group>"; };
		84CF11CE21E0DDAB00C757D8 /* Base */ = {isa = PBXFileReference; lastKnownFileType = file.storyboard; name = Base; path = Base.lproj/LaunchScreen.storyboard; sourceTree = "<group>"; };
		84CF11D021E0DDAB00C757D8 /* Info.plist */ = {isa = PBXFileReference; lastKnownFileType = text.plist.xml; path = Info.plist; sourceTree = "<group>"; };
		84CF11D521E0DDAB00C757D8 /* PracticeProjectTests.xctest */ = {isa = PBXFileReference; explicitFileType = wrapper.cfbundle; includeInIndex = 0; path = PracticeProjectTests.xctest; sourceTree = BUILT_PRODUCTS_DIR; };
		84CF11D921E0DDAB00C757D8 /* PracticeProjectTests.swift */ = {isa = PBXFileReference; lastKnownFileType = sourcecode.swift; path = PracticeProjectTests.swift; sourceTree = "<group>"; };
		84CF11DB21E0DDAB00C757D8 /* Info.plist */ = {isa = PBXFileReference; lastKnownFileType = text.plist.xml; path = Info.plist; sourceTree = "<group>"; };
		84CF11E021E0DDAB00C757D8 /* PracticeProjectUITests.xctest */ = {isa = PBXFileReference; explicitFileType = wrapper.cfbundle; includeInIndex = 0; path = PracticeProjectUITests.xctest; sourceTree = BUILT_PRODUCTS_DIR; };
		84CF11E421E0DDAB00C757D8 /* PracticeProjectUITests.swift */ = {isa = PBXFileReference; lastKnownFileType = sourcecode.swift; path = PracticeProjectUITests.swift; sourceTree = "<group>"; };
		84CF11E621E0DDAB00C757D8 /* Info.plist */ = {isa = PBXFileReference; lastKnownFileType = text.plist.xml; path = Info.plist; sourceTree = "<group>"; };
		84CF11F621E0E8CF00C757D8 /* R.generated.swift */ = {isa = PBXFileReference; fileEncoding = 4; lastKnownFileType = sourcecode.swift; path = R.generated.swift; sourceTree = "<group>"; };
		8BB5E4E869BE2FA6EC16B29C /* Pods-PracticeProject.release.xcconfig */ = {isa = PBXFileReference; includeInIndex = 1; lastKnownFileType = text.xcconfig; name = "Pods-PracticeProject.release.xcconfig"; path = "Pods/Target Support Files/Pods-PracticeProject/Pods-PracticeProject.release.xcconfig"; sourceTree = "<group>"; };
		BAB7975A45B12E0D946E7F08 /* Pods-PracticeProjectTests.debug.xcconfig */ = {isa = PBXFileReference; includeInIndex = 1; lastKnownFileType = text.xcconfig; name = "Pods-PracticeProjectTests.debug.xcconfig"; path = "Pods/Target Support Files/Pods-PracticeProjectTests/Pods-PracticeProjectTests.debug.xcconfig"; sourceTree = "<group>"; };
		C2F4269C5C295F79AC0F0219 /* Pods_PracticeProject.framework */ = {isa = PBXFileReference; explicitFileType = wrapper.framework; includeInIndex = 0; path = Pods_PracticeProject.framework; sourceTree = BUILT_PRODUCTS_DIR; };
		C8B8A7339B11BED7F6CCC856 /* Pods-PracticeProjectUITests.release.xcconfig */ = {isa = PBXFileReference; includeInIndex = 1; lastKnownFileType = text.xcconfig; name = "Pods-PracticeProjectUITests.release.xcconfig"; path = "Pods/Target Support Files/Pods-PracticeProjectUITests/Pods-PracticeProjectUITests.release.xcconfig"; sourceTree = "<group>"; };
		E95D5C4FBDC33EE115E1E8C4 /* Pods-PracticeProject.debug.xcconfig */ = {isa = PBXFileReference; includeInIndex = 1; lastKnownFileType = text.xcconfig; name = "Pods-PracticeProject.debug.xcconfig"; path = "Pods/Target Support Files/Pods-PracticeProject/Pods-PracticeProject.debug.xcconfig"; sourceTree = "<group>"; };
/* End PBXFileReference section */

/* Begin PBXFrameworksBuildPhase section */
		84CF11BE21E0DDA800C757D8 /* Frameworks */ = {
			isa = PBXFrameworksBuildPhase;
			buildActionMask = 2147483647;
			files = (
				58702F0365C5D2D2F900687C /* Pods_PracticeProject.framework in Frameworks */,
			);
			runOnlyForDeploymentPostprocessing = 0;
		};
		84CF11D221E0DDAB00C757D8 /* Frameworks */ = {
			isa = PBXFrameworksBuildPhase;
			buildActionMask = 2147483647;
			files = (
				15857690F7C52B51DD96E486 /* Pods_PracticeProjectTests.framework in Frameworks */,
			);
			runOnlyForDeploymentPostprocessing = 0;
		};
		84CF11DD21E0DDAB00C757D8 /* Frameworks */ = {
			isa = PBXFrameworksBuildPhase;
			buildActionMask = 2147483647;
			files = (
				EF87D422A7CBB107CC69AECB /* Pods_PracticeProjectUITests.framework in Frameworks */,
			);
			runOnlyForDeploymentPostprocessing = 0;
		};
/* End PBXFrameworksBuildPhase section */

/* Begin PBXGroup section */
		34CE8B5EE96015C1F47BF814 /* Frameworks */ = {
			isa = PBXGroup;
			children = (
				C2F4269C5C295F79AC0F0219 /* Pods_PracticeProject.framework */,
				6ECE41704AA6D373BC5D2DF2 /* Pods_PracticeProjectTests.framework */,
				2602D2B1282BF1F6821470A7 /* Pods_PracticeProjectUITests.framework */,
			);
			name = Frameworks;
			sourceTree = "<group>";
		};
		42BE61F5D0DEDB42B42EB4AA /* Pods */ = {
			isa = PBXGroup;
			children = (
				E95D5C4FBDC33EE115E1E8C4 /* Pods-PracticeProject.debug.xcconfig */,
				8BB5E4E869BE2FA6EC16B29C /* Pods-PracticeProject.release.xcconfig */,
				BAB7975A45B12E0D946E7F08 /* Pods-PracticeProjectTests.debug.xcconfig */,
				5522CCC51C8C9589275B6AD1 /* Pods-PracticeProjectTests.release.xcconfig */,
				02816D153BF6DA5D5F6DC161 /* Pods-PracticeProjectUITests.debug.xcconfig */,
				C8B8A7339B11BED7F6CCC856 /* Pods-PracticeProjectUITests.release.xcconfig */,
			);
			name = Pods;
			sourceTree = "<group>";
		};
		84CF11B821E0DDA800C757D8 = {
			isa = PBXGroup;
			children = (
				84CF11C321E0DDA800C757D8 /* PracticeProject */,
				84CF11D821E0DDAB00C757D8 /* PracticeProjectTests */,
				84CF11E321E0DDAB00C757D8 /* PracticeProjectUITests */,
				84CF11C221E0DDA800C757D8 /* Products */,
				42BE61F5D0DEDB42B42EB4AA /* Pods */,
				34CE8B5EE96015C1F47BF814 /* Frameworks */,
			);
			sourceTree = "<group>";
		};
		84CF11C221E0DDA800C757D8 /* Products */ = {
			isa = PBXGroup;
			children = (
				84CF11C121E0DDA800C757D8 /* PracticeProject.app */,
				84CF11D521E0DDAB00C757D8 /* PracticeProjectTests.xctest */,
				84CF11E021E0DDAB00C757D8 /* PracticeProjectUITests.xctest */,
			);
			name = Products;
			sourceTree = "<group>";
		};
		84CF11C321E0DDA800C757D8 /* PracticeProject */ = {
			isa = PBXGroup;
			children = (
				84CF11F421E0E31800C757D8 /* Resource */,
				84CF11C421E0DDA800C757D8 /* AppDelegate.swift */,
				84CF11C621E0DDA800C757D8 /* ViewController.swift */,
				84CF11C821E0DDA800C757D8 /* Main.storyboard */,
				84CF11CB21E0DDAB00C757D8 /* Assets.xcassets */,
				84CF11CD21E0DDAB00C757D8 /* LaunchScreen.storyboard */,
				84CF11D021E0DDAB00C757D8 /* Info.plist */,
				842A8AA621FF3D87004A081E /* NewViewController.swift */,
				842A8AA821FF3E9D004A081E /* New.storyboard */,
				842A8AAA21FF3FE0004A081E /* AViewController.swift */,
				842A8AAB21FF3FE0004A081E /* AViewController.xib */,
			);
			path = PracticeProject;
			sourceTree = "<group>";
		};
		84CF11D821E0DDAB00C757D8 /* PracticeProjectTests */ = {
			isa = PBXGroup;
			children = (
				84CF11D921E0DDAB00C757D8 /* PracticeProjectTests.swift */,
				84CF11DB21E0DDAB00C757D8 /* Info.plist */,
			);
			path = PracticeProjectTests;
			sourceTree = "<group>";
		};
		84CF11E321E0DDAB00C757D8 /* PracticeProjectUITests */ = {
			isa = PBXGroup;
			children = (
				84CF11E421E0DDAB00C757D8 /* PracticeProjectUITests.swift */,
				84CF11E621E0DDAB00C757D8 /* Info.plist */,
			);
			path = PracticeProjectUITests;
			sourceTree = "<group>";
		};
		84CF11F421E0E31800C757D8 /* Resource */ = {
			isa = PBXGroup;
			children = (
				84CF11F521E0E32200C757D8 /* File */,
			);
			path = Resource;
			sourceTree = "<group>";
		};
		84CF11F521E0E32200C757D8 /* File */ = {
			isa = PBXGroup;
			children = (
				84CF11F621E0E8CF00C757D8 /* R.generated.swift */,
			);
			path = File;
			sourceTree = "<group>";
		};
/* End PBXGroup section */

/* Begin PBXNativeTarget section */
		84CF11C021E0DDA800C757D8 /* PracticeProject */ = {
			isa = PBXNativeTarget;
			buildConfigurationList = 84CF11E921E0DDAB00C757D8 /* Build configuration list for PBXNativeTarget "PracticeProject" */;
			buildPhases = (
				84CF11F321E0DFFF00C757D8 /* ShellScript */,
				37A1B174B7A2342BF640B9E3 /* [CP] Check Pods Manifest.lock */,
				84CF11BD21E0DDA800C757D8 /* Sources */,
				84CF11BE21E0DDA800C757D8 /* Frameworks */,
				84CF11BF21E0DDA800C757D8 /* Resources */,
				5E3D3AAAB70107DB66DF0D32 /* [CP] Embed Pods Frameworks */,
			);
			buildRules = (
			);
			dependencies = (
			);
			name = PracticeProject;
			productName = PracticeProject;
			productReference = 84CF11C121E0DDA800C757D8 /* PracticeProject.app */;
			productType = "com.apple.product-type.application";
		};
		84CF11D421E0DDAB00C757D8 /* PracticeProjectTests */ = {
			isa = PBXNativeTarget;
			buildConfigurationList = 84CF11EC21E0DDAB00C757D8 /* Build configuration list for PBXNativeTarget "PracticeProjectTests" */;
			buildPhases = (
				3306D0C30F87551B31111E1B /* [CP] Check Pods Manifest.lock */,
				84CF11D121E0DDAB00C757D8 /* Sources */,
				84CF11D221E0DDAB00C757D8 /* Frameworks */,
				84CF11D321E0DDAB00C757D8 /* Resources */,
			);
			buildRules = (
			);
			dependencies = (
				84CF11D721E0DDAB00C757D8 /* PBXTargetDependency */,
			);
			name = PracticeProjectTests;
			productName = PracticeProjectTests;
			productReference = 84CF11D521E0DDAB00C757D8 /* PracticeProjectTests.xctest */;
			productType = "com.apple.product-type.bundle.unit-test";
		};
		84CF11DF21E0DDAB00C757D8 /* PracticeProjectUITests */ = {
			isa = PBXNativeTarget;
			buildConfigurationList = 84CF11EF21E0DDAB00C757D8 /* Build configuration list for PBXNativeTarget "PracticeProjectUITests" */;
			buildPhases = (
				6D73C61623746F5081D69800 /* [CP] Check Pods Manifest.lock */,
				84CF11DC21E0DDAB00C757D8 /* Sources */,
				84CF11DD21E0DDAB00C757D8 /* Frameworks */,
				84CF11DE21E0DDAB00C757D8 /* Resources */,
			);
			buildRules = (
			);
			dependencies = (
				84CF11E221E0DDAB00C757D8 /* PBXTargetDependency */,
			);
			name = PracticeProjectUITests;
			productName = PracticeProjectUITests;
			productReference = 84CF11E021E0DDAB00C757D8 /* PracticeProjectUITests.xctest */;
			productType = "com.apple.product-type.bundle.ui-testing";
		};
/* End PBXNativeTarget section */

/* Begin PBXProject section */
		84CF11B921E0DDA800C757D8 /* Project object */ = {
			isa = PBXProject;
			attributes = {
				LastSwiftUpdateCheck = 1000;
				LastUpgradeCheck = 1000;
				ORGANIZATIONNAME = admin.dinhtu;
				TargetAttributes = {
					84CF11C021E0DDA800C757D8 = {
						CreatedOnToolsVersion = 10.0;
					};
					84CF11D421E0DDAB00C757D8 = {
						CreatedOnToolsVersion = 10.0;
						TestTargetID = 84CF11C021E0DDA800C757D8;
					};
					84CF11DF21E0DDAB00C757D8 = {
						CreatedOnToolsVersion = 10.0;
						TestTargetID = 84CF11C021E0DDA800C757D8;
					};
				};
			};
			buildConfigurationList = 84CF11BC21E0DDA800C757D8 /* Build configuration list for PBXProject "PracticeProject" */;
			compatibilityVersion = "Xcode 9.3";
			developmentRegion = en;
			hasScannedForEncodings = 0;
			knownRegions = (
				en,
				Base,
			);
			mainGroup = 84CF11B821E0DDA800C757D8;
			productRefGroup = 84CF11C221E0DDA800C757D8 /* Products */;
			projectDirPath = "";
			projectRoot = "";
			targets = (
				84CF11C021E0DDA800C757D8 /* PracticeProject */,
				84CF11D421E0DDAB00C757D8 /* PracticeProjectTests */,
				84CF11DF21E0DDAB00C757D8 /* PracticeProjectUITests */,
			);
		};
/* End PBXProject section */

/* Begin PBXResourcesBuildPhase section */
		84CF11BF21E0DDA800C757D8 /* Resources */ = {
			isa = PBXResourcesBuildPhase;
			buildActionMask = 2147483647;
			files = (
				842A8AAD21FF3FE0004A081E /* AViewController.xib in Resources */,
				84CF11CF21E0DDAB00C757D8 /* LaunchScreen.storyboard in Resources */,
				84CF11CC21E0DDAB00C757D8 /* Assets.xcassets in Resources */,
				84CF11CA21E0DDA800C757D8 /* Main.storyboard in Resources */,
				842A8AA921FF3E9D004A081E /* New.storyboard in Resources */,
			);
			runOnlyForDeploymentPostprocessing = 0;
		};
		84CF11D321E0DDAB00C757D8 /* Resources */ = {
			isa = PBXResourcesBuildPhase;
			buildActionMask = 2147483647;
			files = (
			);
			runOnlyForDeploymentPostprocessing = 0;
		};
		84CF11DE21E0DDAB00C757D8 /* Resources */ = {
			isa = PBXResourcesBuildPhase;
			buildActionMask = 2147483647;
			files = (
			);
			runOnlyForDeploymentPostprocessing = 0;
		};
/* End PBXResourcesBuildPhase section */

/* Begin PBXShellScriptBuildPhase section */
		3306D0C30F87551B31111E1B /* [CP] Check Pods Manifest.lock */ = {
			isa = PBXShellScriptBuildPhase;
			buildActionMask = 2147483647;
			files = (
			);
			inputPaths = (
				"${PODS_PODFILE_DIR_PATH}/Podfile.lock",
				"${PODS_ROOT}/Manifest.lock",
			);
			name = "[CP] Check Pods Manifest.lock";
			outputPaths = (
				"$(DERIVED_FILE_DIR)/Pods-PracticeProjectTests-checkManifestLockResult.txt",
			);
			runOnlyForDeploymentPostprocessing = 0;
			shellPath = /bin/sh;
			shellScript = "diff \"${PODS_PODFILE_DIR_PATH}/Podfile.lock\" \"${PODS_ROOT}/Manifest.lock\" > /dev/null\nif [ $? != 0 ] ; then\n    # print error to STDERR\n    echo \"error: The sandbox is not in sync with the Podfile.lock. Run 'pod install' or update your CocoaPods installation.\" >&2\n    exit 1\nfi\n# This output is used by Xcode 'outputs' to avoid re-running this script phase.\necho \"SUCCESS\" > \"${SCRIPT_OUTPUT_FILE_0}\"\n";
			showEnvVarsInLog = 0;
		};
		37A1B174B7A2342BF640B9E3 /* [CP] Check Pods Manifest.lock */ = {
			isa = PBXShellScriptBuildPhase;
			buildActionMask = 2147483647;
			files = (
			);
			inputPaths = (
				"${PODS_PODFILE_DIR_PATH}/Podfile.lock",
				"${PODS_ROOT}/Manifest.lock",
			);
			name = "[CP] Check Pods Manifest.lock";
			outputPaths = (
				"$(DERIVED_FILE_DIR)/Pods-PracticeProject-checkManifestLockResult.txt",
			);
			runOnlyForDeploymentPostprocessing = 0;
			shellPath = /bin/sh;
			shellScript = "diff \"${PODS_PODFILE_DIR_PATH}/Podfile.lock\" \"${PODS_ROOT}/Manifest.lock\" > /dev/null\nif [ $? != 0 ] ; then\n    # print error to STDERR\n    echo \"error: The sandbox is not in sync with the Podfile.lock. Run 'pod install' or update your CocoaPods installation.\" >&2\n    exit 1\nfi\n# This output is used by Xcode 'outputs' to avoid re-running this script phase.\necho \"SUCCESS\" > \"${SCRIPT_OUTPUT_FILE_0}\"\n";
			showEnvVarsInLog = 0;
		};
		5E3D3AAAB70107DB66DF0D32 /* [CP] Embed Pods Frameworks */ = {
			isa = PBXShellScriptBuildPhase;
			buildActionMask = 2147483647;
			files = (
			);
			inputPaths = (
				"${SRCROOT}/Pods/Target Support Files/Pods-PracticeProject/Pods-PracticeProject-frameworks.sh",
				"${BUILT_PRODUCTS_DIR}/R.swift.Library/Rswift.framework",
			);
			name = "[CP] Embed Pods Frameworks";
			outputPaths = (
				"${TARGET_BUILD_DIR}/${FRAMEWORKS_FOLDER_PATH}/Rswift.framework",
			);
			runOnlyForDeploymentPostprocessing = 0;
			shellPath = /bin/sh;
			shellScript = "\"${SRCROOT}/Pods/Target Support Files/Pods-PracticeProject/Pods-PracticeProject-frameworks.sh\"\n";
			showEnvVarsInLog = 0;
		};
		6D73C61623746F5081D69800 /* [CP] Check Pods Manifest.lock */ = {
			isa = PBXShellScriptBuildPhase;
			buildActionMask = 2147483647;
			files = (
			);
			inputPaths = (
				"${PODS_PODFILE_DIR_PATH}/Podfile.lock",
				"${PODS_ROOT}/Manifest.lock",
			);
			name = "[CP] Check Pods Manifest.lock";
			outputPaths = (
				"$(DERIVED_FILE_DIR)/Pods-PracticeProjectUITests-checkManifestLockResult.txt",
			);
			runOnlyForDeploymentPostprocessing = 0;
			shellPath = /bin/sh;
			shellScript = "diff \"${PODS_PODFILE_DIR_PATH}/Podfile.lock\" \"${PODS_ROOT}/Manifest.lock\" > /dev/null\nif [ $? != 0 ] ; then\n    # print error to STDERR\n    echo \"error: The sandbox is not in sync with the Podfile.lock. Run 'pod install' or update your CocoaPods installation.\" >&2\n    exit 1\nfi\n# This output is used by Xcode 'outputs' to avoid re-running this script phase.\necho \"SUCCESS\" > \"${SCRIPT_OUTPUT_FILE_0}\"\n";
			showEnvVarsInLog = 0;
		};
		84CF11F321E0DFFF00C757D8 /* ShellScript */ = {
			isa = PBXShellScriptBuildPhase;
			buildActionMask = 2147483647;
			files = (
			);
			inputFileListPaths = (
			);
			inputPaths = (
			);
			outputFileListPaths = (
			);
			outputPaths = (
			);
			runOnlyForDeploymentPostprocessing = 0;
			shellPath = /bin/sh;
			shellScript = "\"$PODS_ROOT/R.swift/rswift\" generate \"$SRCROOT/PracticeProject/Resource/File\"\n";
		};
/* End PBXShellScriptBuildPhase section */

/* Begin PBXSourcesBuildPhase section */
		84CF11BD21E0DDA800C757D8 /* Sources */ = {
			isa = PBXSourcesBuildPhase;
			buildActionMask = 2147483647;
			files = (
				84CF11C721E0DDA800C757D8 /* ViewController.swift in Sources */,
				84CF11C521E0DDA800C757D8 /* AppDelegate.swift in Sources */,
				84CF11F721E0E8CF00C757D8 /* R.generated.swift in Sources */,
				842A8AA721FF3D87004A081E /* NewViewController.swift in Sources */,
				842A8AAC21FF3FE0004A081E /* AViewController.swift in Sources */,
			);
			runOnlyForDeploymentPostprocessing = 0;
		};
		84CF11D121E0DDAB00C757D8 /* Sources */ = {
			isa = PBXSourcesBuildPhase;
			buildActionMask = 2147483647;
			files = (
				84CF11DA21E0DDAB00C757D8 /* PracticeProjectTests.swift in Sources */,
			);
			runOnlyForDeploymentPostprocessing = 0;
		};
		84CF11DC21E0DDAB00C757D8 /* Sources */ = {
			isa = PBXSourcesBuildPhase;
			buildActionMask = 2147483647;
			files = (
				84CF11E521E0DDAB00C757D8 /* PracticeProjectUITests.swift in Sources */,
			);
			runOnlyForDeploymentPostprocessing = 0;
		};
/* End PBXSourcesBuildPhase section */

/* Begin PBXTargetDependency section */
		84CF11D721E0DDAB00C757D8 /* PBXTargetDependency */ = {
			isa = PBXTargetDependency;
			target = 84CF11C021E0DDA800C757D8 /* PracticeProject */;
			targetProxy = 84CF11D621E0DDAB00C757D8 /* PBXContainerItemProxy */;
		};
		84CF11E221E0DDAB00C757D8 /* PBXTargetDependency */ = {
			isa = PBXTargetDependency;
			target = 84CF11C021E0DDA800C757D8 /* PracticeProject */;
			targetProxy = 84CF11E121E0DDAB00C757D8 /* PBXContainerItemProxy */;
		};
/* End PBXTargetDependency section */

/* Begin PBXVariantGroup section */
		84CF11C821E0DDA800C757D8 /* Main.storyboard */ = {
			isa = PBXVariantGroup;
			children = (
				84CF11C921E0DDA800C757D8 /* Base */,
			);
			name = Main.storyboard;
			sourceTree = "<group>";
		};
		84CF11CD21E0DDAB00C757D8 /* LaunchScreen.storyboard */ = {
			isa = PBXVariantGroup;
			children = (
				84CF11CE21E0DDAB00C757D8 /* Base */,
			);
			name = LaunchScreen.storyboard;
			sourceTree = "<group>";
		};
/* End PBXVariantGroup section */

/* Begin XCBuildConfiguration section */
		84CF11E721E0DDAB00C757D8 /* Debug */ = {
			isa = XCBuildConfiguration;
			buildSettings = {
				ALWAYS_SEARCH_USER_PATHS = NO;
				CLANG_ANALYZER_NONNULL = YES;
				CLANG_ANALYZER_NUMBER_OBJECT_CONVERSION = YES_AGGRESSIVE;
				CLANG_CXX_LANGUAGE_STANDARD = "gnu++14";
				CLANG_CXX_LIBRARY = "libc++";
				CLANG_ENABLE_MODULES = YES;
				CLANG_ENABLE_OBJC_ARC = YES;
				CLANG_ENABLE_OBJC_WEAK = YES;
				CLANG_WARN_BLOCK_CAPTURE_AUTORELEASING = YES;
				CLANG_WARN_BOOL_CONVERSION = YES;
				CLANG_WARN_COMMA = YES;
				CLANG_WARN_CONSTANT_CONVERSION = YES;
				CLANG_WARN_DEPRECATED_OBJC_IMPLEMENTATIONS = YES;
				CLANG_WARN_DIRECT_OBJC_ISA_USAGE = YES_ERROR;
				CLANG_WARN_DOCUMENTATION_COMMENTS = YES;
				CLANG_WARN_EMPTY_BODY = YES;
				CLANG_WARN_ENUM_CONVERSION = YES;
				CLANG_WARN_INFINITE_RECURSION = YES;
				CLANG_WARN_INT_CONVERSION = YES;
				CLANG_WARN_NON_LITERAL_NULL_CONVERSION = YES;
				CLANG_WARN_OBJC_IMPLICIT_RETAIN_SELF = YES;
				CLANG_WARN_OBJC_LITERAL_CONVERSION = YES;
				CLANG_WARN_OBJC_ROOT_CLASS = YES_ERROR;
				CLANG_WARN_RANGE_LOOP_ANALYSIS = YES;
				CLANG_WARN_STRICT_PROTOTYPES = YES;
				CLANG_WARN_SUSPICIOUS_MOVE = YES;
				CLANG_WARN_UNGUARDED_AVAILABILITY = YES_AGGRESSIVE;
				CLANG_WARN_UNREACHABLE_CODE = YES;
				CLANG_WARN__DUPLICATE_METHOD_MATCH = YES;
				CODE_SIGN_IDENTITY = "iPhone Developer";
				COPY_PHASE_STRIP = NO;
				DEBUG_INFORMATION_FORMAT = dwarf;
				ENABLE_STRICT_OBJC_MSGSEND = YES;
				ENABLE_TESTABILITY = YES;
				GCC_C_LANGUAGE_STANDARD = gnu11;
				GCC_DYNAMIC_NO_PIC = NO;
				GCC_NO_COMMON_BLOCKS = YES;
				GCC_OPTIMIZATION_LEVEL = 0;
				GCC_PREPROCESSOR_DEFINITIONS = (
					"DEBUG=1",
					"$(inherited)",
				);
				GCC_WARN_64_TO_32_BIT_CONVERSION = YES;
				GCC_WARN_ABOUT_RETURN_TYPE = YES_ERROR;
				GCC_WARN_UNDECLARED_SELECTOR = YES;
				GCC_WARN_UNINITIALIZED_AUTOS = YES_AGGRESSIVE;
				GCC_WARN_UNUSED_FUNCTION = YES;
				GCC_WARN_UNUSED_VARIABLE = YES;
				IPHONEOS_DEPLOYMENT_TARGET = 12.0;
				MTL_ENABLE_DEBUG_INFO = INCLUDE_SOURCE;
				MTL_FAST_MATH = YES;
				ONLY_ACTIVE_ARCH = YES;
				SDKROOT = iphoneos;
				SWIFT_ACTIVE_COMPILATION_CONDITIONS = DEBUG;
				SWIFT_OPTIMIZATION_LEVEL = "-Onone";
			};
			name = Debug;
		};
		84CF11E821E0DDAB00C757D8 /* Release */ = {
			isa = XCBuildConfiguration;
			buildSettings = {
				ALWAYS_SEARCH_USER_PATHS = NO;
				CLANG_ANALYZER_NONNULL = YES;
				CLANG_ANALYZER_NUMBER_OBJECT_CONVERSION = YES_AGGRESSIVE;
				CLANG_CXX_LANGUAGE_STANDARD = "gnu++14";
				CLANG_CXX_LIBRARY = "libc++";
				CLANG_ENABLE_MODULES = YES;
				CLANG_ENABLE_OBJC_ARC = YES;
				CLANG_ENABLE_OBJC_WEAK = YES;
				CLANG_WARN_BLOCK_CAPTURE_AUTORELEASING = YES;
				CLANG_WARN_BOOL_CONVERSION = YES;
				CLANG_WARN_COMMA = YES;
				CLANG_WARN_CONSTANT_CONVERSION = YES;
				CLANG_WARN_DEPRECATED_OBJC_IMPLEMENTATIONS = YES;
				CLANG_WARN_DIRECT_OBJC_ISA_USAGE = YES_ERROR;
				CLANG_WARN_DOCUMENTATION_COMMENTS = YES;
				CLANG_WARN_EMPTY_BODY = YES;
				CLANG_WARN_ENUM_CONVERSION = YES;
				CLANG_WARN_INFINITE_RECURSION = YES;
				CLANG_WARN_INT_CONVERSION = YES;
				CLANG_WARN_NON_LITERAL_NULL_CONVERSION = YES;
				CLANG_WARN_OBJC_IMPLICIT_RETAIN_SELF = YES;
				CLANG_WARN_OBJC_LITERAL_CONVERSION = YES;
				CLANG_WARN_OBJC_ROOT_CLASS = YES_ERROR;
				CLANG_WARN_RANGE_LOOP_ANALYSIS = YES;
				CLANG_WARN_STRICT_PROTOTYPES = YES;
				CLANG_WARN_SUSPICIOUS_MOVE = YES;
				CLANG_WARN_UNGUARDED_AVAILABILITY = YES_AGGRESSIVE;
				CLANG_WARN_UNREACHABLE_CODE = YES;
				CLANG_WARN__DUPLICATE_METHOD_MATCH = YES;
				CODE_SIGN_IDENTITY = "iPhone Developer";
				COPY_PHASE_STRIP = NO;
				DEBUG_INFORMATION_FORMAT = "dwarf-with-dsym";
				ENABLE_NS_ASSERTIONS = NO;
				ENABLE_STRICT_OBJC_MSGSEND = YES;
				GCC_C_LANGUAGE_STANDARD = gnu11;
				GCC_NO_COMMON_BLOCKS = YES;
				GCC_WARN_64_TO_32_BIT_CONVERSION = YES;
				GCC_WARN_ABOUT_RETURN_TYPE = YES_ERROR;
				GCC_WARN_UNDECLARED_SELECTOR = YES;
				GCC_WARN_UNINITIALIZED_AUTOS = YES_AGGRESSIVE;
				GCC_WARN_UNUSED_FUNCTION = YES;
				GCC_WARN_UNUSED_VARIABLE = YES;
				IPHONEOS_DEPLOYMENT_TARGET = 12.0;
				MTL_ENABLE_DEBUG_INFO = NO;
				MTL_FAST_MATH = YES;
				SDKROOT = iphoneos;
				SWIFT_COMPILATION_MODE = wholemodule;
				SWIFT_OPTIMIZATION_LEVEL = "-O";
				VALIDATE_PRODUCT = YES;
			};
			name = Release;
		};
		84CF11EA21E0DDAB00C757D8 /* Debug */ = {
			isa = XCBuildConfiguration;
			baseConfigurationReference = E95D5C4FBDC33EE115E1E8C4 /* Pods-PracticeProject.debug.xcconfig */;
			buildSettings = {
				ASSETCATALOG_COMPILER_APPICON_NAME = AppIcon;
				CODE_SIGN_STYLE = Automatic;
				INFOPLIST_FILE = PracticeProject/Info.plist;
				LD_RUNPATH_SEARCH_PATHS = (
					"$(inherited)",
					"@executable_path/Frameworks",
				);
				PRODUCT_BUNDLE_IDENTIFIER = dinhtu.PracticeProject;
				PRODUCT_NAME = "$(TARGET_NAME)";
				SWIFT_VERSION = 4.2;
				TARGETED_DEVICE_FAMILY = "1,2";
			};
			name = Debug;
		};
		84CF11EB21E0DDAB00C757D8 /* Release */ = {
			isa = XCBuildConfiguration;
			baseConfigurationReference = 8BB5E4E869BE2FA6EC16B29C /* Pods-PracticeProject.release.xcconfig */;
			buildSettings = {
				ASSETCATALOG_COMPILER_APPICON_NAME = AppIcon;
				CODE_SIGN_STYLE = Automatic;
				INFOPLIST_FILE = PracticeProject/Info.plist;
				LD_RUNPATH_SEARCH_PATHS = (
					"$(inherited)",
					"@executable_path/Frameworks",
				);
				PRODUCT_BUNDLE_IDENTIFIER = dinhtu.PracticeProject;
				PRODUCT_NAME = "$(TARGET_NAME)";
				SWIFT_VERSION = 4.2;
				TARGETED_DEVICE_FAMILY = "1,2";
			};
			name = Release;
		};
		84CF11ED21E0DDAB00C757D8 /* Debug */ = {
			isa = XCBuildConfiguration;
			baseConfigurationReference = BAB7975A45B12E0D946E7F08 /* Pods-PracticeProjectTests.debug.xcconfig */;
			buildSettings = {
				ALWAYS_EMBED_SWIFT_STANDARD_LIBRARIES = YES;
				BUNDLE_LOADER = "$(TEST_HOST)";
				CODE_SIGN_STYLE = Automatic;
				INFOPLIST_FILE = PracticeProjectTests/Info.plist;
				LD_RUNPATH_SEARCH_PATHS = (
					"$(inherited)",
					"@executable_path/Frameworks",
					"@loader_path/Frameworks",
				);
				PRODUCT_BUNDLE_IDENTIFIER = dinhtu.PracticeProjectTests;
				PRODUCT_NAME = "$(TARGET_NAME)";
				SWIFT_VERSION = 4.2;
				TARGETED_DEVICE_FAMILY = "1,2";
				TEST_HOST = "$(BUILT_PRODUCTS_DIR)/PracticeProject.app/PracticeProject";
			};
			name = Debug;
		};
		84CF11EE21E0DDAB00C757D8 /* Release */ = {
			isa = XCBuildConfiguration;
			baseConfigurationReference = 5522CCC51C8C9589275B6AD1 /* Pods-PracticeProjectTests.release.xcconfig */;
			buildSettings = {
				ALWAYS_EMBED_SWIFT_STANDARD_LIBRARIES = YES;
				BUNDLE_LOADER = "$(TEST_HOST)";
				CODE_SIGN_STYLE = Automatic;
				INFOPLIST_FILE = PracticeProjectTests/Info.plist;
				LD_RUNPATH_SEARCH_PATHS = (
					"$(inherited)",
					"@executable_path/Frameworks",
					"@loader_path/Frameworks",
				);
				PRODUCT_BUNDLE_IDENTIFIER = dinhtu.PracticeProjectTests;
				PRODUCT_NAME = "$(TARGET_NAME)";
				SWIFT_VERSION = 4.2;
				TARGETED_DEVICE_FAMILY = "1,2";
				TEST_HOST = "$(BUILT_PRODUCTS_DIR)/PracticeProject.app/PracticeProject";
			};
			name = Release;
		};
		84CF11F021E0DDAB00C757D8 /* Debug */ = {
			isa = XCBuildConfiguration;
			baseConfigurationReference = 02816D153BF6DA5D5F6DC161 /* Pods-PracticeProjectUITests.debug.xcconfig */;
			buildSettings = {
				ALWAYS_EMBED_SWIFT_STANDARD_LIBRARIES = YES;
				CODE_SIGN_STYLE = Automatic;
				INFOPLIST_FILE = PracticeProjectUITests/Info.plist;
				LD_RUNPATH_SEARCH_PATHS = (
					"$(inherited)",
					"@executable_path/Frameworks",
					"@loader_path/Frameworks",
				);
				PRODUCT_BUNDLE_IDENTIFIER = dinhtu.PracticeProjectUITests;
				PRODUCT_NAME = "$(TARGET_NAME)";
				SWIFT_VERSION = 4.2;
				TARGETED_DEVICE_FAMILY = "1,2";
				TEST_TARGET_NAME = PracticeProject;
			};
			name = Debug;
		};
		84CF11F121E0DDAB00C757D8 /* Release */ = {
			isa = XCBuildConfiguration;
			baseConfigurationReference = C8B8A7339B11BED7F6CCC856 /* Pods-PracticeProjectUITests.release.xcconfig */;
			buildSettings = {
				ALWAYS_EMBED_SWIFT_STANDARD_LIBRARIES = YES;
				CODE_SIGN_STYLE = Automatic;
				INFOPLIST_FILE = PracticeProjectUITests/Info.plist;
				LD_RUNPATH_SEARCH_PATHS = (
					"$(inherited)",
					"@executable_path/Frameworks",
					"@loader_path/Frameworks",
				);
				PRODUCT_BUNDLE_IDENTIFIER = dinhtu.PracticeProjectUITests;
				PRODUCT_NAME = "$(TARGET_NAME)";
				SWIFT_VERSION = 4.2;
				TARGETED_DEVICE_FAMILY = "1,2";
				TEST_TARGET_NAME = PracticeProject;
			};
			name = Release;
		};
/* End XCBuildConfiguration section */

/* Begin XCConfigurationList section */
		84CF11BC21E0DDA800C757D8 /* Build configuration list for PBXProject "PracticeProject" */ = {
			isa = XCConfigurationList;
			buildConfigurations = (
				84CF11E721E0DDAB00C757D8 /* Debug */,
				84CF11E821E0DDAB00C757D8 /* Release */,
			);
			defaultConfigurationIsVisible = 0;
			defaultConfigurationName = Release;
		};
		84CF11E921E0DDAB00C757D8 /* Build configuration list for PBXNativeTarget "PracticeProject" */ = {
			isa = XCConfigurationList;
			buildConfigurations = (
				84CF11EA21E0DDAB00C757D8 /* Debug */,
				84CF11EB21E0DDAB00C757D8 /* Release */,
			);
			defaultConfigurationIsVisible = 0;
			defaultConfigurationName = Release;
		};
		84CF11EC21E0DDAB00C757D8 /* Build configuration list for PBXNativeTarget "PracticeProjectTests" */ = {
			isa = XCConfigurationList;
			buildConfigurations = (
				84CF11ED21E0DDAB00C757D8 /* Debug */,
				84CF11EE21E0DDAB00C757D8 /* Release */,
			);
			defaultConfigurationIsVisible = 0;
			defaultConfigurationName = Release;
		};
		84CF11EF21E0DDAB00C757D8 /* Build configuration list for PBXNativeTarget "PracticeProjectUITests" */ = {
			isa = XCConfigurationList;
			buildConfigurations = (
				84CF11F021E0DDAB00C757D8 /* Debug */,
				84CF11F121E0DDAB00C757D8 /* Release */,
			);
			defaultConfigurationIsVisible = 0;
			defaultConfigurationName = Release;
		};
/* End XCConfigurationList section */
	};
	rootObject = 84CF11B921E0DDA800C757D8 /* Project object */;
}
